
Microsoft Visual Studio Solution File, Format Version 12.00
# Visual Studio 2012
Project("{FAE04EC0-301F-11D3-BF4B-00C04F79EFBC}") = "QualiteSPPP.DB", "QualiteSPPP.DB\QualiteSPPP.DB.csproj", "{5E0C25B6-8EEC-49E7-9C9A-EEEA3F6D3017}"
EndProject
Project("{FAE04EC0-301F-11D3-BF4B-00C04F79EFBC}") = "QualiteSPPP.Library", "QualiteSPPP.Library\QualiteSPPP.Library.csproj", "{3CAEFACA-1612-448F-A972-4952F46AF498}"
EndProject
Project("{FAE04EC0-301F-11D3-BF4B-00C04F79EFBC}") = "QualiteSPPP.WinForm", "QualiteSPPP.WinForm\QualiteSPPP.WinForm.csproj", "{34BEC0CD-83A9-45C6-96ED-EE23986FF225}"
EndProject
Global
	GlobalSection(SolutionConfigurationPlatforms) = preSolution
		Debug|Any CPU = Debug|Any CPU
		Release|Any CPU = Release|Any CPU
	EndGlobalSection
	GlobalSection(ProjectConfigurationPlatforms) = postSolution
		{5E0C25B6-8EEC-49E7-9C9A-EEEA3F6D3017}.Debug|Any CPU.ActiveCfg = Debug|Any CPU
		{5E0C25B6-8EEC-49E7-9C9A-EEEA3F6D3017}.Debug|Any CPU.Build.0 = Debug|Any CPU
		{5E0C25B6-8EEC-49E7-9C9A-EEEA3F6D3017}.Release|Any CPU.ActiveCfg = Release|Any CPU
		{5E0C25B6-8EEC-49E7-9C9A-EEEA3F6D3017}.Release|Any CPU.Build.0 = Release|Any CPU
		{3CAEFACA-1612-448F-A972-4952F46AF498}.Debug|Any CPU.ActiveCfg = Debug|Any CPU
		{3CAEFACA-1612-448F-A972-4952F46AF498}.Debug|Any CPU.Build.0 = Debug|Any CPU
		{3CAEFACA-1612-448F-A972-4952F46AF498}.Release|Any CPU.ActiveCfg = Release|Any CPU
		{3CAEFACA-1612-448F-A972-4952F46AF498}.Release|Any CPU.Build.0 = Release|Any CPU
		{34BEC0CD-83A9-45C6-96ED-EE23986FF225}.Debug|Any CPU.ActiveCfg = Debug|Any CPU
		{34BEC0CD-83A9-45C6-96ED-EE23986FF225}.Debug|Any CPU.Build.0 = Debug|Any CPU
		{34BEC0CD-83A9-45C6-96ED-EE23986FF225}.Release|Any CPU.ActiveCfg = Release|Any CPU
		{34BEC0CD-83A9-45C6-96ED-EE23986FF225}.Release|Any CPU.Build.0 = Release|Any CPU
	EndGlobalSection
	GlobalSection(SolutionProperties) = preSolution
		HideSolutionNode = FALSE
	EndGlobalSection
EndGlobal
